
Microsoft Visual Studio Solution File, Format Version 12.00
# Visual Studio Version 17
VisualStudioVersion = 17.14.36603.0
MinimumVisualStudioVersion = 10.0.40219.1
Project("{FAE04EC0-301F-11D3-BF4B-00C04F79EFBC}") = "KampIntro", "KampIntro\KampIntro.csproj", "{135095B6-B2E9-496D-9064-72DDCF5A8031}"
EndProject
Project("{FAE04EC0-301F-11D3-BF4B-00C04F79EFBC}") = "Donguler", "Donguler\Donguler.csproj", "{59BA140D-22AF-47AC-93B0-7EF2B6B755DF}"
EndProject
Project("{FAE04EC0-301F-11D3-BF4B-00C04F79EFBC}") = "ClassIntro", "ClassIntro\ClassIntro.csproj", "{F9AC5604-E535-47EE-BB1E-75CB336BE347}"
EndProject
Project("{FAE04EC0-301F-11D3-BF4B-00C04F79EFBC}") = "Metotlar", "Metotlar\Metotlar.csproj", "{534945A0-5D81-472F-9863-7034DE36101D}"
EndProject
Project("{FAE04EC0-301F-11D3-BF4B-00C04F79EFBC}") = "DegerVeReferansTipler", "DegerVeReferansTipler\DegerVeReferansTipler.csproj", "{F59BB0A8-A578-4EBA-BFA3-ECA8232BD8C0}"
EndProject
Project("{FAE04EC0-301F-11D3-BF4B-00C04F79EFBC}") = "OOP1", "OOP1\OOP1.csproj", "{14BEDB36-4D0B-4060-95B7-7F07A06F4994}"
EndProject
Project("{FAE04EC0-301F-11D3-BF4B-00C04F79EFBC}") = "Koleksiyonlar", "Koleksiyonlar\Koleksiyonlar.csproj", "{BA627D44-196C-434D-8110-A27C81F00467}"
EndProject
Project("{FAE04EC0-301F-11D3-BF4B-00C04F79EFBC}") = "OOP2", "OOP2\OOP2.csproj", "{37E1764D-8A1F-42AC-80C2-554A7B12CE78}"
EndProject
Project("{FAE04EC0-301F-11D3-BF4B-00C04F79EFBC}") = "OOP3", "OOP3\OOP3.csproj", "{BFB47190-722F-49E2-A929-60E26808D65B}"
EndProject
Project("{FAE04EC0-301F-11D3-BF4B-00C04F79EFBC}") = "Game", "Game\Game.csproj", "{4660041A-9EA6-4BE5-8412-6B5A7DD3754B}"
EndProject
Global
	GlobalSection(SolutionConfigurationPlatforms) = preSolution
		Debug|Any CPU = Debug|Any CPU
		Release|Any CPU = Release|Any CPU
	EndGlobalSection
	GlobalSection(ProjectConfigurationPlatforms) = postSolution
		{135095B6-B2E9-496D-9064-72DDCF5A8031}.Debug|Any CPU.ActiveCfg = Debug|Any CPU
		{135095B6-B2E9-496D-9064-72DDCF5A8031}.Debug|Any CPU.Build.0 = Debug|Any CPU
		{135095B6-B2E9-496D-9064-72DDCF5A8031}.Release|Any CPU.ActiveCfg = Release|Any CPU
		{135095B6-B2E9-496D-9064-72DDCF5A8031}.Release|Any CPU.Build.0 = Release|Any CPU
		{59BA140D-22AF-47AC-93B0-7EF2B6B755DF}.Debug|Any CPU.ActiveCfg = Debug|Any CPU
		{59BA140D-22AF-47AC-93B0-7EF2B6B755DF}.Debug|Any CPU.Build.0 = Debug|Any CPU
		{59BA140D-22AF-47AC-93B0-7EF2B6B755DF}.Release|Any CPU.ActiveCfg = Release|Any CPU
		{59BA140D-22AF-47AC-93B0-7EF2B6B755DF}.Release|Any CPU.Build.0 = Release|Any CPU
		{F9AC5604-E535-47EE-BB1E-75CB336BE347}.Debug|Any CPU.ActiveCfg = Debug|Any CPU
		{F9AC5604-E535-47EE-BB1E-75CB336BE347}.Debug|Any CPU.Build.0 = Debug|Any CPU
		{F9AC5604-E535-47EE-BB1E-75CB336BE347}.Release|Any CPU.ActiveCfg = Release|Any CPU
		{F9AC5604-E535-47EE-BB1E-75CB336BE347}.Release|Any CPU.Build.0 = Release|Any CPU
		{534945A0-5D81-472F-9863-7034DE36101D}.Debug|Any CPU.ActiveCfg = Debug|Any CPU
		{534945A0-5D81-472F-9863-7034DE36101D}.Debug|Any CPU.Build.0 = Debug|Any CPU
		{534945A0-5D81-472F-9863-7034DE36101D}.Release|Any CPU.ActiveCfg = Release|Any CPU
		{534945A0-5D81-472F-9863-7034DE36101D}.Release|Any CPU.Build.0 = Release|Any CPU
		{F59BB0A8-A578-4EBA-BFA3-ECA8232BD8C0}.Debug|Any CPU.ActiveCfg = Debug|Any CPU
		{F59BB0A8-A578-4EBA-BFA3-ECA8232BD8C0}.Debug|Any CPU.Build.0 = Debug|Any CPU
		{F59BB0A8-A578-4EBA-BFA3-ECA8232BD8C0}.Release|Any CPU.ActiveCfg = Release|Any CPU
		{F59BB0A8-A578-4EBA-BFA3-ECA8232BD8C0}.Release|Any CPU.Build.0 = Release|Any CPU
		{14BEDB36-4D0B-4060-95B7-7F07A06F4994}.Debug|Any CPU.ActiveCfg = Debug|Any CPU
		{14BEDB36-4D0B-4060-95B7-7F07A06F4994}.Debug|Any CPU.Build.0 = Debug|Any CPU
		{14BEDB36-4D0B-4060-95B7-7F07A06F4994}.Release|Any CPU.ActiveCfg = Release|Any CPU
		{14BEDB36-4D0B-4060-95B7-7F07A06F4994}.Release|Any CPU.Build.0 = Release|Any CPU
		{BA627D44-196C-434D-8110-A27C81F00467}.Debug|Any CPU.ActiveCfg = Debug|Any CPU
		{BA627D44-196C-434D-8110-A27C81F00467}.Debug|Any CPU.Build.0 = Debug|Any CPU
		{BA627D44-196C-434D-8110-A27C81F00467}.Release|Any CPU.ActiveCfg = Release|Any CPU
		{BA627D44-196C-434D-8110-A27C81F00467}.Release|Any CPU.Build.0 = Release|Any CPU
		{37E1764D-8A1F-42AC-80C2-554A7B12CE78}.Debug|Any CPU.ActiveCfg = Debug|Any CPU
		{37E1764D-8A1F-42AC-80C2-554A7B12CE78}.Debug|Any CPU.Build.0 = Debug|Any CPU
		{37E1764D-8A1F-42AC-80C2-554A7B12CE78}.Release|Any CPU.ActiveCfg = Release|Any CPU
		{37E1764D-8A1F-42AC-80C2-554A7B12CE78}.Release|Any CPU.Build.0 = Release|Any CPU
		{BFB47190-722F-49E2-A929-60E26808D65B}.Debug|Any CPU.ActiveCfg = Debug|Any CPU
		{BFB47190-722F-49E2-A929-60E26808D65B}.Debug|Any CPU.Build.0 = Debug|Any CPU
		{BFB47190-722F-49E2-A929-60E26808D65B}.Release|Any CPU.ActiveCfg = Release|Any CPU
		{BFB47190-722F-49E2-A929-60E26808D65B}.Release|Any CPU.Build.0 = Release|Any CPU
		{4660041A-9EA6-4BE5-8412-6B5A7DD3754B}.Debug|Any CPU.ActiveCfg = Debug|Any CPU
		{4660041A-9EA6-4BE5-8412-6B5A7DD3754B}.Debug|Any CPU.Build.0 = Debug|Any CPU
		{4660041A-9EA6-4BE5-8412-6B5A7DD3754B}.Release|Any CPU.ActiveCfg = Release|Any CPU
		{4660041A-9EA6-4BE5-8412-6B5A7DD3754B}.Release|Any CPU.Build.0 = Release|Any CPU
	EndGlobalSection
	GlobalSection(SolutionProperties) = preSolution
		HideSolutionNode = FALSE
	EndGlobalSection
	GlobalSection(ExtensibilityGlobals) = postSolution
		SolutionGuid = {72587F73-E9EB-49FD-B288-275892255FF0}
	EndGlobalSection
EndGlobal
